
Microsoft Visual Studio Solution File, Format Version 12.00
# Visual Studio 15
VisualStudioVersion = 15.0.26124.0
MinimumVisualStudioVersion = 15.0.26124.0
Project("{FAE04EC0-301F-11D3-BF4B-00C04F79EFBC}") = "ClangCaster", "ClangCaster\ClangCaster.csproj", "{2BB25CBD-546A-4FAE-BE9B-75FE966A20C2}"
EndProject
Project("{FAE04EC0-301F-11D3-BF4B-00C04F79EFBC}") = "Tests", "Tests\Tests.csproj", "{B9E13FD3-1E3C-4375-A015-6C801BE25B75}"
EndProject
Project("{FAE04EC0-301F-11D3-BF4B-00C04F79EFBC}") = "ClangTree", "ClangTree\ClangTree.csproj", "{B4614BF4-9E22-4D23-80BB-D87F36241CE7}"
EndProject
Global
	GlobalSection(SolutionConfigurationPlatforms) = preSolution
		Debug|Any CPU = Debug|Any CPU
		Debug|x64 = Debug|x64
		Debug|x86 = Debug|x86
		Release|Any CPU = Release|Any CPU
		Release|x64 = Release|x64
		Release|x86 = Release|x86
	EndGlobalSection
	GlobalSection(SolutionProperties) = preSolution
		HideSolutionNode = FALSE
	EndGlobalSection
	GlobalSection(ProjectConfigurationPlatforms) = postSolution
		{2BB25CBD-546A-4FAE-BE9B-75FE966A20C2}.Debug|Any CPU.ActiveCfg = Debug|Any CPU
		{2BB25CBD-546A-4FAE-BE9B-75FE966A20C2}.Debug|Any CPU.Build.0 = Debug|Any CPU
		{2BB25CBD-546A-4FAE-BE9B-75FE966A20C2}.Debug|x64.ActiveCfg = Debug|Any CPU
		{2BB25CBD-546A-4FAE-BE9B-75FE966A20C2}.Debug|x64.Build.0 = Debug|Any CPU
		{2BB25CBD-546A-4FAE-BE9B-75FE966A20C2}.Debug|x86.ActiveCfg = Debug|Any CPU
		{2BB25CBD-546A-4FAE-BE9B-75FE966A20C2}.Debug|x86.Build.0 = Debug|Any CPU
		{2BB25CBD-546A-4FAE-BE9B-75FE966A20C2}.Release|Any CPU.ActiveCfg = Release|Any CPU
		{2BB25CBD-546A-4FAE-BE9B-75FE966A20C2}.Release|Any CPU.Build.0 = Release|Any CPU
		{2BB25CBD-546A-4FAE-BE9B-75FE966A20C2}.Release|x64.ActiveCfg = Release|Any CPU
		{2BB25CBD-546A-4FAE-BE9B-75FE966A20C2}.Release|x64.Build.0 = Release|Any CPU
		{2BB25CBD-546A-4FAE-BE9B-75FE966A20C2}.Release|x86.ActiveCfg = Release|Any CPU
		{2BB25CBD-546A-4FAE-BE9B-75FE966A20C2}.Release|x86.Build.0 = Release|Any CPU
		{B9E13FD3-1E3C-4375-A015-6C801BE25B75}.Debug|Any CPU.ActiveCfg = Debug|Any CPU
		{B9E13FD3-1E3C-4375-A015-6C801BE25B75}.Debug|Any CPU.Build.0 = Debug|Any CPU
		{B9E13FD3-1E3C-4375-A015-6C801BE25B75}.Debug|x64.ActiveCfg = Debug|Any CPU
		{B9E13FD3-1E3C-4375-A015-6C801BE25B75}.Debug|x64.Build.0 = Debug|Any CPU
		{B9E13FD3-1E3C-4375-A015-6C801BE25B75}.Debug|x86.ActiveCfg = Debug|Any CPU
		{B9E13FD3-1E3C-4375-A015-6C801BE25B75}.Debug|x86.Build.0 = Debug|Any CPU
		{B9E13FD3-1E3C-4375-A015-6C801BE25B75}.Release|Any CPU.ActiveCfg = Release|Any CPU
		{B9E13FD3-1E3C-4375-A015-6C801BE25B75}.Release|Any CPU.Build.0 = Release|Any CPU
		{B9E13FD3-1E3C-4375-A015-6C801BE25B75}.Release|x64.ActiveCfg = Release|Any CPU
		{B9E13FD3-1E3C-4375-A015-6C801BE25B75}.Release|x64.Build.0 = Release|Any CPU
		{B9E13FD3-1E3C-4375-A015-6C801BE25B75}.Release|x86.ActiveCfg = Release|Any CPU
		{B9E13FD3-1E3C-4375-A015-6C801BE25B75}.Release|x86.Build.0 = Release|Any CPU
		{B4614BF4-9E22-4D23-80BB-D87F36241CE7}.Debug|Any CPU.ActiveCfg = Debug|Any CPU
		{B4614BF4-9E22-4D23-80BB-D87F36241CE7}.Debug|Any CPU.Build.0 = Debug|Any CPU
		{B4614BF4-9E22-4D23-80BB-D87F36241CE7}.Debug|x64.ActiveCfg = Debug|Any CPU
		{B4614BF4-9E22-4D23-80BB-D87F36241CE7}.Debug|x64.Build.0 = Debug|Any CPU
		{B4614BF4-9E22-4D23-80BB-D87F36241CE7}.Debug|x86.ActiveCfg = Debug|Any CPU
		{B4614BF4-9E22-4D23-80BB-D87F36241CE7}.Debug|x86.Build.0 = Debug|Any CPU
		{B4614BF4-9E22-4D23-80BB-D87F36241CE7}.Release|Any CPU.ActiveCfg = Release|Any CPU
		{B4614BF4-9E22-4D23-80BB-D87F36241CE7}.Release|Any CPU.Build.0 = Release|Any CPU
		{B4614BF4-9E22-4D23-80BB-D87F36241CE7}.Release|x64.ActiveCfg = Release|Any CPU
		{B4614BF4-9E22-4D23-80BB-D87F36241CE7}.Release|x64.Build.0 = Release|Any CPU
		{B4614BF4-9E22-4D23-80BB-D87F36241CE7}.Release|x86.ActiveCfg = Release|Any CPU
		{B4614BF4-9E22-4D23-80BB-D87F36241CE7}.Release|x86.Build.0 = Release|Any CPU
	EndGlobalSection
EndGlobal
